
Microsoft Visual Studio Solution File, Format Version 12.00
# Visual Studio Version 17
VisualStudioVersion = 17.0.32014.148
MinimumVisualStudioVersion = 10.0.40219.1
Project("{FAE04EC0-301F-11D3-BF4B-00C04F79EFBC}") = "Exercise8", "Exercise8\Exercise8.csproj", "{1FEE899E-A94F-4504-AAF6-91A7C8FEED9D}"
EndProject
Global
	GlobalSection(SolutionConfigurationPlatforms) = preSolution
		Debug|Any CPU = Debug|Any CPU
		Release|Any CPU = Release|Any CPU
	EndGlobalSection
	GlobalSection(ProjectConfigurationPlatforms) = postSolution
		{1FEE899E-A94F-4504-AAF6-91A7C8FEED9D}.Debug|Any CPU.ActiveCfg = Debug|Any CPU
		{1FEE899E-A94F-4504-AAF6-91A7C8FEED9D}.Debug|Any CPU.Build.0 = Debug|Any CPU
		{1FEE899E-A94F-4504-AAF6-91A7C8FEED9D}.Release|Any CPU.ActiveCfg = Release|Any CPU
		{1FEE899E-A94F-4504-AAF6-91A7C8FEED9D}.Release|Any CPU.Build.0 = Release|Any CPU
	EndGlobalSection
	GlobalSection(SolutionProperties) = preSolution
		HideSolutionNode = FALSE
	EndGlobalSection
	GlobalSection(ExtensibilityGlobals) = postSolution
		SolutionGuid = {3CDB6A91-8711-4D36-B897-778CF74B3032}
	EndGlobalSection
EndGlobal
