
Microsoft Visual Studio Solution File, Format Version 12.00
# Visual Studio Version 17
VisualStudioVersion = 17.0.31912.275
MinimumVisualStudioVersion = 10.0.40219.1
Project("{FAE04EC0-301F-11D3-BF4B-00C04F79EFBC}") = "FirstConsoleApp", "FirstConsoleApp\FirstConsoleApp.csproj", "{D22E0712-96EA-4DED-A933-80E2663E913A}"
EndProject
Global
	GlobalSection(SolutionConfigurationPlatforms) = preSolution
		Debug|Any CPU = Debug|Any CPU
		Release|Any CPU = Release|Any CPU
	EndGlobalSection
	GlobalSection(ProjectConfigurationPlatforms) = postSolution
		{D22E0712-96EA-4DED-A933-80E2663E913A}.Debug|Any CPU.ActiveCfg = Debug|Any CPU
		{D22E0712-96EA-4DED-A933-80E2663E913A}.Debug|Any CPU.Build.0 = Debug|Any CPU
		{D22E0712-96EA-4DED-A933-80E2663E913A}.Release|Any CPU.ActiveCfg = Release|Any CPU
		{D22E0712-96EA-4DED-A933-80E2663E913A}.Release|Any CPU.Build.0 = Release|Any CPU
	EndGlobalSection
	GlobalSection(SolutionProperties) = preSolution
		HideSolutionNode = FALSE
	EndGlobalSection
	GlobalSection(ExtensibilityGlobals) = postSolution
		SolutionGuid = {57801E1B-59DD-413E-AF63-DCBC7E9E8F64}
	EndGlobalSection
EndGlobal
